// !$*UTF8*$!
{
	archiveVersion = 1;
	classes = {
	};
	objectVersion = 51;
	objects = {

/* Begin PBXBuildFile section */
		3707A41E25411A6C009FB72A /* PauseModalViewModel.swift in Sources */ = {isa = PBXBuildFile; fileRef = 3707A41D25411A6C009FB72A /* PauseModalViewModel.swift */; };
		375C96562524134500D29C74 /* UserManageObject.swift in Sources */ = {isa = PBXBuildFile; fileRef = 375C96552524134500D29C74 /* UserManageObject.swift */; };
		37707902253E77F80061BC96 /* PauseModal.swift in Sources */ = {isa = PBXBuildFile; fileRef = 37707901253E77F80061BC96 /* PauseModal.swift */; };
		37707905253E78030061BC96 /* QuitModal.swift in Sources */ = {isa = PBXBuildFile; fileRef = 37707904253E78030061BC96 /* QuitModal.swift */; };
		37707908253E78930061BC96 /* LoseModal.swift in Sources */ = {isa = PBXBuildFile; fileRef = 37707907253E78930061BC96 /* LoseModal.swift */; };
		3770790B253E789B0061BC96 /* WinModal.swift in Sources */ = {isa = PBXBuildFile; fileRef = 3770790A253E789B0061BC96 /* WinModal.swift */; };
		3774ADD4251BD9BC00912385 /* Difficulty.swift in Sources */ = {isa = PBXBuildFile; fileRef = 3774ADD3251BD9BC00912385 /* Difficulty.swift */; };
		3774ADDB251BE04C00912385 /* MenuView.swift in Sources */ = {isa = PBXBuildFile; fileRef = 3774ADDA251BE04C00912385 /* MenuView.swift */; };
		3774ADE0251BF89F00912385 /* UserDefaultsKeys.swift in Sources */ = {isa = PBXBuildFile; fileRef = 3774ADDF251BF89F00912385 /* UserDefaultsKeys.swift */; };
		3774ADE5251BF97D00912385 /* AppModules.swift in Sources */ = {isa = PBXBuildFile; fileRef = 3774ADE4251BF97D00912385 /* AppModules.swift */; };
		3774ADE9251BFC6700912385 /* MenuViewModel.swift in Sources */ = {isa = PBXBuildFile; fileRef = 3774ADE8251BFC6700912385 /* MenuViewModel.swift */; };
		3774AE0C251C08AE00912385 /* GoogleService-Info.plist in Resources */ = {isa = PBXBuildFile; fileRef = 3774AE0B251C08AE00912385 /* GoogleService-Info.plist */; };
		3774AE22251C12FF00912385 /* Memorama.swift in Sources */ = {isa = PBXBuildFile; fileRef = 3774AE21251C12FF00912385 /* Memorama.swift */; };
		3774AE27251C13E100912385 /* Dictionary+Extensions.swift in Sources */ = {isa = PBXBuildFile; fileRef = 3774AE26251C13E100912385 /* Dictionary+Extensions.swift */; };
		379B24B82554E8C500B0B775 /* LoseModalViewModel.swift in Sources */ = {isa = PBXBuildFile; fileRef = 379B24B72554E8C500B0B775 /* LoseModalViewModel.swift */; };
		37AD1E4A251BC0EE00216E7B /* DoMemoryApp.swift in Sources */ = {isa = PBXBuildFile; fileRef = 37AD1E49251BC0EE00216E7B /* DoMemoryApp.swift */; };
		37AD1E4C251BC0EE00216E7B /* ContentView.swift in Sources */ = {isa = PBXBuildFile; fileRef = 37AD1E4B251BC0EE00216E7B /* ContentView.swift */; };
		37AD1E4E251BC0F200216E7B /* Assets.xcassets in Resources */ = {isa = PBXBuildFile; fileRef = 37AD1E4D251BC0F200216E7B /* Assets.xcassets */; };
		37AD1E51251BC0F200216E7B /* Preview Assets.xcassets in Resources */ = {isa = PBXBuildFile; fileRef = 37AD1E50251BC0F200216E7B /* Preview Assets.xcassets */; };
		37AD1E5F251BC37F00216E7B /* AppConfiguration.swift in Sources */ = {isa = PBXBuildFile; fileRef = 37AD1E5E251BC37F00216E7B /* AppConfiguration.swift */; };
		37AD1E63251BC38C00216E7B /* Strings.swift in Sources */ = {isa = PBXBuildFile; fileRef = 37AD1E62251BC38C00216E7B /* Strings.swift */; };
		37AD1E70251BCD1800216E7B /* PatrickHand-Regular.ttf in Resources */ = {isa = PBXBuildFile; fileRef = 37AD1E6F251BCD1800216E7B /* PatrickHand-Regular.ttf */; };
		37AD1E73251BCD2400216E7B /* Righteous-Regular.ttf in Resources */ = {isa = PBXBuildFile; fileRef = 37AD1E72251BCD2400216E7B /* Righteous-Regular.ttf */; };
		37AD1E77251BCDC300216E7B /* HomeViewModel.swift in Sources */ = {isa = PBXBuildFile; fileRef = 37AD1E76251BCDC300216E7B /* HomeViewModel.swift */; };
		37AD1E7F251BCDFC00216E7B /* HomeView.swift in Sources */ = {isa = PBXBuildFile; fileRef = 37AD1E7E251BCDFC00216E7B /* HomeView.swift */; };
		37BDA270251D22C400902240 /* Color+Extensions.swift in Sources */ = {isa = PBXBuildFile; fileRef = 37BDA26F251D22C400902240 /* Color+Extensions.swift */; };
		37BDA274251D270200902240 /* SettingsView.swift in Sources */ = {isa = PBXBuildFile; fileRef = 37BDA273251D270200902240 /* SettingsView.swift */; };
		37BDA277251D271100902240 /* SettingsViewModel.swift in Sources */ = {isa = PBXBuildFile; fileRef = 37BDA276251D271100902240 /* SettingsViewModel.swift */; };
		37BDA280251D4A7500902240 /* MemorizeView.swift in Sources */ = {isa = PBXBuildFile; fileRef = 37BDA27F251D4A7500902240 /* MemorizeView.swift */; };
		37BDA284251D4A8100902240 /* MemorizeViewModel.swift in Sources */ = {isa = PBXBuildFile; fileRef = 37BDA283251D4A8100902240 /* MemorizeViewModel.swift */; };
		37BDA288251D4B3100902240 /* CardView.swift in Sources */ = {isa = PBXBuildFile; fileRef = 37BDA287251D4B3100902240 /* CardView.swift */; };
		37BDA28C251D4B6B00902240 /* Cardify.swift in Sources */ = {isa = PBXBuildFile; fileRef = 37BDA28B251D4B6B00902240 /* Cardify.swift */; };
		37BDA28F251D4B8300902240 /* Grid.swift in Sources */ = {isa = PBXBuildFile; fileRef = 37BDA28E251D4B8300902240 /* Grid.swift */; };
		37BDA292251D4B9900902240 /* GridLayout.swift in Sources */ = {isa = PBXBuildFile; fileRef = 37BDA291251D4B9900902240 /* GridLayout.swift */; };
		37BDA295251D4C1900902240 /* Pie.swift in Sources */ = {isa = PBXBuildFile; fileRef = 37BDA294251D4C1900902240 /* Pie.swift */; };
		37BDA299251D4C3D00902240 /* Array+Extensions.swift in Sources */ = {isa = PBXBuildFile; fileRef = 37BDA298251D4C3D00902240 /* Array+Extensions.swift */; };
		37BDA29D251D4C8300902240 /* MemoryGame.swift in Sources */ = {isa = PBXBuildFile; fileRef = 37BDA29C251D4C8300902240 /* MemoryGame.swift */; };
		37BDA2C5251D50D300902240 /* ListWithoutSeparatorAndMargins.swift in Sources */ = {isa = PBXBuildFile; fileRef = 37BDA2C4251D50D300902240 /* ListWithoutSeparatorAndMargins.swift */; };
		37BDA2C9251D551500902240 /* LoaderView.swift in Sources */ = {isa = PBXBuildFile; fileRef = 37BDA2C8251D551500902240 /* LoaderView.swift */; };
		37BDA2CC251D6D5C00902240 /* MemoryDataType.swift in Sources */ = {isa = PBXBuildFile; fileRef = 37BDA2CB251D6D5C00902240 /* MemoryDataType.swift */; };
		37FB6299252405B900006E51 /* PersistenceManager.swift in Sources */ = {isa = PBXBuildFile; fileRef = 37FB6298252405B900006E51 /* PersistenceManager.swift */; };
		37FB62A42524066400006E51 /* DoMemory.xcdatamodeld in Sources */ = {isa = PBXBuildFile; fileRef = 37FB62A22524066400006E51 /* DoMemory.xcdatamodeld */; };
		4BC204382AE0151833CC0C03 /* Pods_DoMemory.framework in Frameworks */ = {isa = PBXBuildFile; fileRef = 8B5F4BEE1F6BB967D37CB707 /* Pods_DoMemory.framework */; };
/* End PBXBuildFile section */

/* Begin PBXFileReference section */
		136F644EFB409C8B88267C9B /* Pods-DoMemory.release.xcconfig */ = {isa = PBXFileReference; includeInIndex = 1; lastKnownFileType = text.xcconfig; name = "Pods-DoMemory.release.xcconfig"; path = "Target Support Files/Pods-DoMemory/Pods-DoMemory.release.xcconfig"; sourceTree = "<group>"; };
		3707A41D25411A6C009FB72A /* PauseModalViewModel.swift */ = {isa = PBXFileReference; lastKnownFileType = sourcecode.swift; path = PauseModalViewModel.swift; sourceTree = "<group>"; };
		375C96552524134500D29C74 /* UserManageObject.swift */ = {isa = PBXFileReference; lastKnownFileType = sourcecode.swift; path = UserManageObject.swift; sourceTree = "<group>"; };
		37707901253E77F80061BC96 /* PauseModal.swift */ = {isa = PBXFileReference; lastKnownFileType = sourcecode.swift; path = PauseModal.swift; sourceTree = "<group>"; };
		37707904253E78030061BC96 /* QuitModal.swift */ = {isa = PBXFileReference; lastKnownFileType = sourcecode.swift; path = QuitModal.swift; sourceTree = "<group>"; };
		37707907253E78930061BC96 /* LoseModal.swift */ = {isa = PBXFileReference; lastKnownFileType = sourcecode.swift; path = LoseModal.swift; sourceTree = "<group>"; };
		3770790A253E789B0061BC96 /* WinModal.swift */ = {isa = PBXFileReference; lastKnownFileType = sourcecode.swift; path = WinModal.swift; sourceTree = "<group>"; };
		3774ADD3251BD9BC00912385 /* Difficulty.swift */ = {isa = PBXFileReference; lastKnownFileType = sourcecode.swift; path = Difficulty.swift; sourceTree = "<group>"; };
		3774ADDA251BE04C00912385 /* MenuView.swift */ = {isa = PBXFileReference; lastKnownFileType = sourcecode.swift; path = MenuView.swift; sourceTree = "<group>"; };
		3774ADDF251BF89F00912385 /* UserDefaultsKeys.swift */ = {isa = PBXFileReference; lastKnownFileType = sourcecode.swift; path = UserDefaultsKeys.swift; sourceTree = "<group>"; };
		3774ADE4251BF97D00912385 /* AppModules.swift */ = {isa = PBXFileReference; lastKnownFileType = sourcecode.swift; path = AppModules.swift; sourceTree = "<group>"; };
		3774ADE8251BFC6700912385 /* MenuViewModel.swift */ = {isa = PBXFileReference; lastKnownFileType = sourcecode.swift; path = MenuViewModel.swift; sourceTree = "<group>"; };
		3774AE0B251C08AE00912385 /* GoogleService-Info.plist */ = {isa = PBXFileReference; fileEncoding = 4; lastKnownFileType = text.plist.xml; path = "GoogleService-Info.plist"; sourceTree = "<group>"; };
		3774AE21251C12FF00912385 /* Memorama.swift */ = {isa = PBXFileReference; lastKnownFileType = sourcecode.swift; path = Memorama.swift; sourceTree = "<group>"; };
		3774AE26251C13E100912385 /* Dictionary+Extensions.swift */ = {isa = PBXFileReference; lastKnownFileType = sourcecode.swift; path = "Dictionary+Extensions.swift"; sourceTree = "<group>"; };
		379B24B72554E8C500B0B775 /* LoseModalViewModel.swift */ = {isa = PBXFileReference; lastKnownFileType = sourcecode.swift; path = LoseModalViewModel.swift; sourceTree = "<group>"; };
		37AD1E46251BC0EE00216E7B /* DoMemory.app */ = {isa = PBXFileReference; explicitFileType = wrapper.application; includeInIndex = 0; path = DoMemory.app; sourceTree = BUILT_PRODUCTS_DIR; };
		37AD1E49251BC0EE00216E7B /* DoMemoryApp.swift */ = {isa = PBXFileReference; lastKnownFileType = sourcecode.swift; path = DoMemoryApp.swift; sourceTree = "<group>"; };
		37AD1E4B251BC0EE00216E7B /* ContentView.swift */ = {isa = PBXFileReference; lastKnownFileType = sourcecode.swift; path = ContentView.swift; sourceTree = "<group>"; };
		37AD1E4D251BC0F200216E7B /* Assets.xcassets */ = {isa = PBXFileReference; lastKnownFileType = folder.assetcatalog; path = Assets.xcassets; sourceTree = "<group>"; };
		37AD1E50251BC0F200216E7B /* Preview Assets.xcassets */ = {isa = PBXFileReference; lastKnownFileType = folder.assetcatalog; path = "Preview Assets.xcassets"; sourceTree = "<group>"; };
		37AD1E52251BC0F200216E7B /* Info.plist */ = {isa = PBXFileReference; lastKnownFileType = text.plist.xml; path = Info.plist; sourceTree = "<group>"; };
		37AD1E5E251BC37F00216E7B /* AppConfiguration.swift */ = {isa = PBXFileReference; lastKnownFileType = sourcecode.swift; path = AppConfiguration.swift; sourceTree = "<group>"; };
		37AD1E62251BC38C00216E7B /* Strings.swift */ = {isa = PBXFileReference; lastKnownFileType = sourcecode.swift; path = Strings.swift; sourceTree = "<group>"; };
		37AD1E6F251BCD1800216E7B /* PatrickHand-Regular.ttf */ = {isa = PBXFileReference; lastKnownFileType = file; name = "PatrickHand-Regular.ttf"; path = "../../../../../../../../Downloads/Patrick_Hand/PatrickHand-Regular.ttf"; sourceTree = "<group>"; };
		37AD1E72251BCD2400216E7B /* Righteous-Regular.ttf */ = {isa = PBXFileReference; lastKnownFileType = file; name = "Righteous-Regular.ttf"; path = "../../../../../../../../Downloads/Righteous/Righteous-Regular.ttf"; sourceTree = "<group>"; };
		37AD1E76251BCDC300216E7B /* HomeViewModel.swift */ = {isa = PBXFileReference; lastKnownFileType = sourcecode.swift; path = HomeViewModel.swift; sourceTree = "<group>"; };
		37AD1E7E251BCDFC00216E7B /* HomeView.swift */ = {isa = PBXFileReference; lastKnownFileType = sourcecode.swift; path = HomeView.swift; sourceTree = "<group>"; };
		37BDA26F251D22C400902240 /* Color+Extensions.swift */ = {isa = PBXFileReference; lastKnownFileType = sourcecode.swift; path = "Color+Extensions.swift"; sourceTree = "<group>"; };
		37BDA273251D270200902240 /* SettingsView.swift */ = {isa = PBXFileReference; lastKnownFileType = sourcecode.swift; path = SettingsView.swift; sourceTree = "<group>"; };
		37BDA276251D271100902240 /* SettingsViewModel.swift */ = {isa = PBXFileReference; lastKnownFileType = sourcecode.swift; path = SettingsViewModel.swift; sourceTree = "<group>"; };
		37BDA27F251D4A7500902240 /* MemorizeView.swift */ = {isa = PBXFileReference; lastKnownFileType = sourcecode.swift; path = MemorizeView.swift; sourceTree = "<group>"; };
		37BDA283251D4A8100902240 /* MemorizeViewModel.swift */ = {isa = PBXFileReference; lastKnownFileType = sourcecode.swift; path = MemorizeViewModel.swift; sourceTree = "<group>"; };
		37BDA287251D4B3100902240 /* CardView.swift */ = {isa = PBXFileReference; lastKnownFileType = sourcecode.swift; path = CardView.swift; sourceTree = "<group>"; };
		37BDA28B251D4B6B00902240 /* Cardify.swift */ = {isa = PBXFileReference; lastKnownFileType = sourcecode.swift; path = Cardify.swift; sourceTree = "<group>"; };
		37BDA28E251D4B8300902240 /* Grid.swift */ = {isa = PBXFileReference; lastKnownFileType = sourcecode.swift; path = Grid.swift; sourceTree = "<group>"; };
		37BDA291251D4B9900902240 /* GridLayout.swift */ = {isa = PBXFileReference; lastKnownFileType = sourcecode.swift; path = GridLayout.swift; sourceTree = "<group>"; };
		37BDA294251D4C1900902240 /* Pie.swift */ = {isa = PBXFileReference; lastKnownFileType = sourcecode.swift; path = Pie.swift; sourceTree = "<group>"; };
		37BDA298251D4C3D00902240 /* Array+Extensions.swift */ = {isa = PBXFileReference; lastKnownFileType = sourcecode.swift; path = "Array+Extensions.swift"; sourceTree = "<group>"; };
		37BDA29C251D4C8300902240 /* MemoryGame.swift */ = {isa = PBXFileReference; lastKnownFileType = sourcecode.swift; path = MemoryGame.swift; sourceTree = "<group>"; };
		37BDA2C4251D50D300902240 /* ListWithoutSeparatorAndMargins.swift */ = {isa = PBXFileReference; lastKnownFileType = sourcecode.swift; path = ListWithoutSeparatorAndMargins.swift; sourceTree = "<group>"; };
		37BDA2C8251D551500902240 /* LoaderView.swift */ = {isa = PBXFileReference; lastKnownFileType = sourcecode.swift; path = LoaderView.swift; sourceTree = "<group>"; };
		37BDA2CB251D6D5C00902240 /* MemoryDataType.swift */ = {isa = PBXFileReference; lastKnownFileType = sourcecode.swift; path = MemoryDataType.swift; sourceTree = "<group>"; };
		37FB6298252405B900006E51 /* PersistenceManager.swift */ = {isa = PBXFileReference; lastKnownFileType = sourcecode.swift; path = PersistenceManager.swift; sourceTree = "<group>"; };
		37FB62A32524066400006E51 /* DoMemory.xcdatamodel */ = {isa = PBXFileReference; lastKnownFileType = wrapper.xcdatamodel; path = DoMemory.xcdatamodel; sourceTree = "<group>"; };
		8B5F4BEE1F6BB967D37CB707 /* Pods_DoMemory.framework */ = {isa = PBXFileReference; explicitFileType = wrapper.framework; includeInIndex = 0; path = Pods_DoMemory.framework; sourceTree = BUILT_PRODUCTS_DIR; };
		EFF8E8F5741BAED23AFBEDDC /* Pods-DoMemory.debug.xcconfig */ = {isa = PBXFileReference; includeInIndex = 1; lastKnownFileType = text.xcconfig; name = "Pods-DoMemory.debug.xcconfig"; path = "Target Support Files/Pods-DoMemory/Pods-DoMemory.debug.xcconfig"; sourceTree = "<group>"; };
/* End PBXFileReference section */

/* Begin PBXFrameworksBuildPhase section */
		37AD1E43251BC0EE00216E7B /* Frameworks */ = {
			isa = PBXFrameworksBuildPhase;
			buildActionMask = 2147483647;
			files = (
				4BC204382AE0151833CC0C03 /* Pods_DoMemory.framework in Frameworks */,
			);
			runOnlyForDeploymentPostprocessing = 0;
		};
/* End PBXFrameworksBuildPhase section */

/* Begin PBXGroup section */
		11A820DB5985571C34BEBE9B /* Pods */ = {
			isa = PBXGroup;
			children = (
				EFF8E8F5741BAED23AFBEDDC /* Pods-DoMemory.debug.xcconfig */,
				136F644EFB409C8B88267C9B /* Pods-DoMemory.release.xcconfig */,
			);
			path = Pods;
			sourceTree = "<group>";
		};
		3707A41C25411A59009FB72A /* Pause */ = {
			isa = PBXGroup;
			children = (
				3707A41D25411A6C009FB72A /* PauseModalViewModel.swift */,
				37707901253E77F80061BC96 /* PauseModal.swift */,
			);
			path = Pause;
			sourceTree = "<group>";
		};
		375C96542524125C00D29C74 /* Helpers */ = {
			isa = PBXGroup;
			children = (
				37FB6298252405B900006E51 /* PersistenceManager.swift */,
				375C96552524134500D29C74 /* UserManageObject.swift */,
			);
			path = Helpers;
			sourceTree = "<group>";
		};
		37707900253E76E50061BC96 /* Modals */ = {
			isa = PBXGroup;
			children = (
				379B24B62554E8AF00B0B775 /* LoseModal */,
				3707A41C25411A59009FB72A /* Pause */,
				37707904253E78030061BC96 /* QuitModal.swift */,
				3770790A253E789B0061BC96 /* WinModal.swift */,
			);
			path = Modals;
			sourceTree = "<group>";
		};
		3774ADCC251BD95C00912385 /* SharedModules */ = {
			isa = PBXGroup;
			children = (
				375C96542524125C00D29C74 /* Helpers */,
				37BDA2C3251D50B400902240 /* Views */,
				3774ADCD251BD96400912385 /* Models */,
			);
			path = SharedModules;
			sourceTree = "<group>";
		};
		3774ADCD251BD96400912385 /* Models */ = {
			isa = PBXGroup;
			children = (
				3774ADD3251BD9BC00912385 /* Difficulty.swift */,
				3774ADE4251BF97D00912385 /* AppModules.swift */,
				37FB62A22524066400006E51 /* DoMemory.xcdatamodeld */,
			);
			path = Models;
			sourceTree = "<group>";
		};
		3774ADD6251BE01800912385 /* Menu */ = {
			isa = PBXGroup;
			children = (
				3774ADD9251BE02800912385 /* Model */,
				3774ADD8251BE02200912385 /* MenuViewModel */,
				3774ADD7251BE01D00912385 /* MenuView */,
			);
			path = Menu;
			sourceTree = "<group>";
		};
		3774ADD7251BE01D00912385 /* MenuView */ = {
			isa = PBXGroup;
			children = (
				3774ADDA251BE04C00912385 /* MenuView.swift */,
			);
			path = MenuView;
			sourceTree = "<group>";
		};
		3774ADD8251BE02200912385 /* MenuViewModel */ = {
			isa = PBXGroup;
			children = (
				3774ADE8251BFC6700912385 /* MenuViewModel.swift */,
			);
			path = MenuViewModel;
			sourceTree = "<group>";
		};
		3774ADD9251BE02800912385 /* Model */ = {
			isa = PBXGroup;
			children = (
				3774AE21251C12FF00912385 /* Memorama.swift */,
			);
			path = Model;
			sourceTree = "<group>";
		};
		3774ADDE251BF88C00912385 /* UserDefaultsKeys */ = {
			isa = PBXGroup;
			children = (
				3774ADDF251BF89F00912385 /* UserDefaultsKeys.swift */,
			);
			path = UserDefaultsKeys;
			sourceTree = "<group>";
		};
		3774ADE3251BF94800912385 /* Main */ = {
			isa = PBXGroup;
			children = (
				37AD1E4B251BC0EE00216E7B /* ContentView.swift */,
				37AD1E49251BC0EE00216E7B /* DoMemoryApp.swift */,
			);
			path = Main;
			sourceTree = "<group>";
		};
		3774AE25251C13D100912385 /* Dictionary+Extensions */ = {
			isa = PBXGroup;
			children = (
				3774AE26251C13E100912385 /* Dictionary+Extensions.swift */,
			);
			path = "Dictionary+Extensions";
			sourceTree = "<group>";
		};
		379B24B62554E8AF00B0B775 /* LoseModal */ = {
			isa = PBXGroup;
			children = (
				37707907253E78930061BC96 /* LoseModal.swift */,
				379B24B72554E8C500B0B775 /* LoseModalViewModel.swift */,
			);
			path = LoseModal;
			sourceTree = "<group>";
		};
		37AD1E3D251BC0EE00216E7B = {
			isa = PBXGroup;
			children = (
				37AD1E48251BC0EE00216E7B /* DoMemory */,
				37AD1E47251BC0EE00216E7B /* Products */,
				11A820DB5985571C34BEBE9B /* Pods */,
				595698AFB6A9079E831E05ED /* Frameworks */,
			);
			sourceTree = "<group>";
		};
		37AD1E47251BC0EE00216E7B /* Products */ = {
			isa = PBXGroup;
			children = (
				37AD1E46251BC0EE00216E7B /* DoMemory.app */,
			);
			name = Products;
			sourceTree = "<group>";
		};
		37AD1E48251BC0EE00216E7B /* DoMemory */ = {
			isa = PBXGroup;
			children = (
				37AD1E5D251BC36700216E7B /* Configuration */,
				37AD1E5B251BC1BA00216E7B /* Services */,
				37AD1E5A251BC1AF00216E7B /* Modules */,
				37AD1E6D251BCCE000216E7B /* SupportingFiles */,
				3774AE0B251C08AE00912385 /* GoogleService-Info.plist */,
				37AD1E52251BC0F200216E7B /* Info.plist */,
				37AD1E4F251BC0F200216E7B /* Preview Content */,
			);
			path = DoMemory;
			sourceTree = "<group>";
		};
		37AD1E4F251BC0F200216E7B /* Preview Content */ = {
			isa = PBXGroup;
			children = (
				37AD1E50251BC0F200216E7B /* Preview Assets.xcassets */,
			);
			path = "Preview Content";
			sourceTree = "<group>";
		};
		37AD1E5A251BC1AF00216E7B /* Modules */ = {
			isa = PBXGroup;
			children = (
				3774ADE3251BF94800912385 /* Main */,
				3774ADCC251BD95C00912385 /* SharedModules */,
				37AD1E75251BCDB000216E7B /* Home */,
				3774ADD6251BE01800912385 /* Menu */,
				37BDA27B251D4A4000902240 /* Memorize */,
				37BDA257251D1B9A00902240 /* Settings */,
			);
			path = Modules;
			sourceTree = "<group>";
		};
		37AD1E5B251BC1BA00216E7B /* Services */ = {
			isa = PBXGroup;
			children = (
			);
			path = Services;
			sourceTree = "<group>";
		};
		37AD1E5D251BC36700216E7B /* Configuration */ = {
			isa = PBXGroup;
			children = (
				37AD1E5E251BC37F00216E7B /* AppConfiguration.swift */,
				37AD1E62251BC38C00216E7B /* Strings.swift */,
			);
			path = Configuration;
			sourceTree = "<group>";
		};
		37AD1E6D251BCCE000216E7B /* SupportingFiles */ = {
			isa = PBXGroup;
			children = (
				37BDA297251D4C2C00902240 /* Array+Extensions */,
				37BDA26E251D22B600902240 /* Color+Extensions */,
				3774AE25251C13D100912385 /* Dictionary+Extensions */,
				3774ADDE251BF88C00912385 /* UserDefaultsKeys */,
				37AD1E6E251BCCF600216E7B /* Fonts */,
				37AD1E4D251BC0F200216E7B /* Assets.xcassets */,
			);
			path = SupportingFiles;
			sourceTree = "<group>";
		};
		37AD1E6E251BCCF600216E7B /* Fonts */ = {
			isa = PBXGroup;
			children = (
				37AD1E72251BCD2400216E7B /* Righteous-Regular.ttf */,
				37AD1E6F251BCD1800216E7B /* PatrickHand-Regular.ttf */,
			);
			path = Fonts;
			sourceTree = "<group>";
		};
		37AD1E75251BCDB000216E7B /* Home */ = {
			isa = PBXGroup;
			children = (
				37AD1E7C251BCDCE00216E7B /* Model */,
				37AD1E7D251BCDD400216E7B /* HomeView */,
				37AD1E7A251BCDC700216E7B /* ViewModel */,
			);
			path = Home;
			sourceTree = "<group>";
		};
		37AD1E7A251BCDC700216E7B /* ViewModel */ = {
			isa = PBXGroup;
			children = (
				37AD1E76251BCDC300216E7B /* HomeViewModel.swift */,
			);
			path = ViewModel;
			sourceTree = "<group>";
		};
		37AD1E7C251BCDCE00216E7B /* Model */ = {
			isa = PBXGroup;
			children = (
			);
			path = Model;
			sourceTree = "<group>";
		};
		37AD1E7D251BCDD400216E7B /* HomeView */ = {
			isa = PBXGroup;
			children = (
				37AD1E7E251BCDFC00216E7B /* HomeView.swift */,
			);
			path = HomeView;
			sourceTree = "<group>";
		};
		37BDA257251D1B9A00902240 /* Settings */ = {
			isa = PBXGroup;
			children = (
				37BDA259251D1BA900902240 /* Model */,
				37BDA258251D1BA300902240 /* SettingsView */,
				37BDA25A251D1BE400902240 /* SettingsViewModel */,
			);
			path = Settings;
			sourceTree = "<group>";
		};
		37BDA258251D1BA300902240 /* SettingsView */ = {
			isa = PBXGroup;
			children = (
				37BDA273251D270200902240 /* SettingsView.swift */,
			);
			path = SettingsView;
			sourceTree = "<group>";
		};
		37BDA259251D1BA900902240 /* Model */ = {
			isa = PBXGroup;
			children = (
			);
			path = Model;
			sourceTree = "<group>";
		};
		37BDA25A251D1BE400902240 /* SettingsViewModel */ = {
			isa = PBXGroup;
			children = (
				37BDA276251D271100902240 /* SettingsViewModel.swift */,
			);
			path = SettingsViewModel;
			sourceTree = "<group>";
		};
		37BDA26E251D22B600902240 /* Color+Extensions */ = {
			isa = PBXGroup;
			children = (
				37BDA26F251D22C400902240 /* Color+Extensions.swift */,
			);
			path = "Color+Extensions";
			sourceTree = "<group>";
		};
		37BDA27B251D4A4000902240 /* Memorize */ = {
			isa = PBXGroup;
			children = (
				37BDA27C251D4A4900902240 /* Model */,
				37BDA27D251D4A4E00902240 /* MemorizeView */,
				37BDA27E251D4A5700902240 /* MemorizeViewModel */,
			);
			path = Memorize;
			sourceTree = "<group>";
		};
		37BDA27C251D4A4900902240 /* Model */ = {
			isa = PBXGroup;
			children = (
				37BDA29C251D4C8300902240 /* MemoryGame.swift */,
				37BDA2CB251D6D5C00902240 /* MemoryDataType.swift */,
			);
			path = Model;
			sourceTree = "<group>";
		};
		37BDA27D251D4A4E00902240 /* MemorizeView */ = {
			isa = PBXGroup;
			children = (
				37707900253E76E50061BC96 /* Modals */,
				37BDA286251D4B2100902240 /* Views */,
				37BDA27F251D4A7500902240 /* MemorizeView.swift */,
			);
			path = MemorizeView;
			sourceTree = "<group>";
		};
		37BDA27E251D4A5700902240 /* MemorizeViewModel */ = {
			isa = PBXGroup;
			children = (
				37BDA283251D4A8100902240 /* MemorizeViewModel.swift */,
			);
			path = MemorizeViewModel;
			sourceTree = "<group>";
		};
		37BDA286251D4B2100902240 /* Views */ = {
			isa = PBXGroup;
			children = (
				37BDA287251D4B3100902240 /* CardView.swift */,
				37BDA28B251D4B6B00902240 /* Cardify.swift */,
				37BDA28E251D4B8300902240 /* Grid.swift */,
				37BDA291251D4B9900902240 /* GridLayout.swift */,
				37BDA294251D4C1900902240 /* Pie.swift */,
			);
			path = Views;
			sourceTree = "<group>";
		};
		37BDA297251D4C2C00902240 /* Array+Extensions */ = {
			isa = PBXGroup;
			children = (
				37BDA298251D4C3D00902240 /* Array+Extensions.swift */,
			);
			path = "Array+Extensions";
			sourceTree = "<group>";
		};
		37BDA2C3251D50B400902240 /* Views */ = {
			isa = PBXGroup;
			children = (
				37BDA2C4251D50D300902240 /* ListWithoutSeparatorAndMargins.swift */,
				37BDA2C8251D551500902240 /* LoaderView.swift */,
			);
			path = Views;
			sourceTree = "<group>";
		};
		595698AFB6A9079E831E05ED /* Frameworks */ = {
			isa = PBXGroup;
			children = (
				8B5F4BEE1F6BB967D37CB707 /* Pods_DoMemory.framework */,
			);
			name = Frameworks;
			sourceTree = "<group>";
		};
/* End PBXGroup section */

/* Begin PBXNativeTarget section */
		37AD1E45251BC0EE00216E7B /* DoMemory */ = {
			isa = PBXNativeTarget;
			buildConfigurationList = 37AD1E55251BC0F200216E7B /* Build configuration list for PBXNativeTarget "DoMemory" */;
			buildPhases = (
				F363A1F522F9BC55AD8404B3 /* [CP] Check Pods Manifest.lock */,
				37AD1E42251BC0EE00216E7B /* Sources */,
				37AD1E43251BC0EE00216E7B /* Frameworks */,
				37AD1E44251BC0EE00216E7B /* Resources */,
				6030EAFAA744DED1CDAB3986 /* [CP] Embed Pods Frameworks */,
			);
			buildRules = (
			);
			dependencies = (
			);
			name = DoMemory;
			productName = DoMemory;
			productReference = 37AD1E46251BC0EE00216E7B /* DoMemory.app */;
			productType = "com.apple.product-type.application";
		};
/* End PBXNativeTarget section */

/* Begin PBXProject section */
		37AD1E3E251BC0EE00216E7B /* Project object */ = {
			isa = PBXProject;
			attributes = {
				LastSwiftUpdateCheck = 1200;
				LastUpgradeCheck = 1200;
				TargetAttributes = {
					37AD1E45251BC0EE00216E7B = {
						CreatedOnToolsVersion = 12.0;
					};
				};
			};
			buildConfigurationList = 37AD1E41251BC0EE00216E7B /* Build configuration list for PBXProject "DoMemory" */;
			compatibilityVersion = "Xcode 9.3";
			developmentRegion = en;
			hasScannedForEncodings = 0;
			knownRegions = (
				en,
				Base,
			);
			mainGroup = 37AD1E3D251BC0EE00216E7B;
			productRefGroup = 37AD1E47251BC0EE00216E7B /* Products */;
			projectDirPath = "";
			projectRoot = "";
			targets = (
				37AD1E45251BC0EE00216E7B /* DoMemory */,
			);
		};
/* End PBXProject section */

/* Begin PBXResourcesBuildPhase section */
		37AD1E44251BC0EE00216E7B /* Resources */ = {
			isa = PBXResourcesBuildPhase;
			buildActionMask = 2147483647;
			files = (
				37AD1E51251BC0F200216E7B /* Preview Assets.xcassets in Resources */,
				37AD1E4E251BC0F200216E7B /* Assets.xcassets in Resources */,
				3774AE0C251C08AE00912385 /* GoogleService-Info.plist in Resources */,
				37AD1E73251BCD2400216E7B /* Righteous-Regular.ttf in Resources */,
				37AD1E70251BCD1800216E7B /* PatrickHand-Regular.ttf in Resources */,
			);
			runOnlyForDeploymentPostprocessing = 0;
		};
/* End PBXResourcesBuildPhase section */

/* Begin PBXShellScriptBuildPhase section */
		6030EAFAA744DED1CDAB3986 /* [CP] Embed Pods Frameworks */ = {
			isa = PBXShellScriptBuildPhase;
			buildActionMask = 2147483647;
			files = (
			);
			inputFileListPaths = (
				"${PODS_ROOT}/Target Support Files/Pods-DoMemory/Pods-DoMemory-frameworks-${CONFIGURATION}-input-files.xcfilelist",
			);
			name = "[CP] Embed Pods Frameworks";
			outputFileListPaths = (
				"${PODS_ROOT}/Target Support Files/Pods-DoMemory/Pods-DoMemory-frameworks-${CONFIGURATION}-output-files.xcfilelist",
			);
			runOnlyForDeploymentPostprocessing = 0;
			shellPath = /bin/sh;
			shellScript = "\"${PODS_ROOT}/Target Support Files/Pods-DoMemory/Pods-DoMemory-frameworks.sh\"\n";
			showEnvVarsInLog = 0;
		};
		F363A1F522F9BC55AD8404B3 /* [CP] Check Pods Manifest.lock */ = {
			isa = PBXShellScriptBuildPhase;
			buildActionMask = 2147483647;
			files = (
			);
			inputFileListPaths = (
			);
			inputPaths = (
				"${PODS_PODFILE_DIR_PATH}/Podfile.lock",
				"${PODS_ROOT}/Manifest.lock",
			);
			name = "[CP] Check Pods Manifest.lock";
			outputFileListPaths = (
			);
			outputPaths = (
				"$(DERIVED_FILE_DIR)/Pods-DoMemory-checkManifestLockResult.txt",
			);
			runOnlyForDeploymentPostprocessing = 0;
			shellPath = /bin/sh;
			shellScript = "diff \"${PODS_PODFILE_DIR_PATH}/Podfile.lock\" \"${PODS_ROOT}/Manifest.lock\" > /dev/null\nif [ $? != 0 ] ; then\n    # print error to STDERR\n    echo \"error: The sandbox is not in sync with the Podfile.lock. Run 'pod install' or update your CocoaPods installation.\" >&2\n    exit 1\nfi\n# This output is used by Xcode 'outputs' to avoid re-running this script phase.\necho \"SUCCESS\" > \"${SCRIPT_OUTPUT_FILE_0}\"\n";
			showEnvVarsInLog = 0;
		};
/* End PBXShellScriptBuildPhase section */

/* Begin PBXSourcesBuildPhase section */
		37AD1E42251BC0EE00216E7B /* Sources */ = {
			isa = PBXSourcesBuildPhase;
			buildActionMask = 2147483647;
			files = (
				37BDA2CC251D6D5C00902240 /* MemoryDataType.swift in Sources */,
				37BDA274251D270200902240 /* SettingsView.swift in Sources */,
				3774AE22251C12FF00912385 /* Memorama.swift in Sources */,
				37BDA2C5251D50D300902240 /* ListWithoutSeparatorAndMargins.swift in Sources */,
				37AD1E5F251BC37F00216E7B /* AppConfiguration.swift in Sources */,
				3774ADDB251BE04C00912385 /* MenuView.swift in Sources */,
				37AD1E4C251BC0EE00216E7B /* ContentView.swift in Sources */,
				37BDA28F251D4B8300902240 /* Grid.swift in Sources */,
				3774ADD4251BD9BC00912385 /* Difficulty.swift in Sources */,
				37BDA295251D4C1900902240 /* Pie.swift in Sources */,
				3774ADE0251BF89F00912385 /* UserDefaultsKeys.swift in Sources */,
				3770790B253E789B0061BC96 /* WinModal.swift in Sources */,
				37BDA288251D4B3100902240 /* CardView.swift in Sources */,
				3774ADE9251BFC6700912385 /* MenuViewModel.swift in Sources */,
				37AD1E63251BC38C00216E7B /* Strings.swift in Sources */,
				37AD1E7F251BCDFC00216E7B /* HomeView.swift in Sources */,
				37BDA284251D4A8100902240 /* MemorizeViewModel.swift in Sources */,
				3774ADE5251BF97D00912385 /* AppModules.swift in Sources */,
				3774AE27251C13E100912385 /* Dictionary+Extensions.swift in Sources */,
				3707A41E25411A6C009FB72A /* PauseModalViewModel.swift in Sources */,
				37BDA2C9251D551500902240 /* LoaderView.swift in Sources */,
				37BDA270251D22C400902240 /* Color+Extensions.swift in Sources */,
				37AD1E77251BCDC300216E7B /* HomeViewModel.swift in Sources */,
				375C96562524134500D29C74 /* UserManageObject.swift in Sources */,
				37707908253E78930061BC96 /* LoseModal.swift in Sources */,
				37707902253E77F80061BC96 /* PauseModal.swift in Sources */,
				37FB6299252405B900006E51 /* PersistenceManager.swift in Sources */,
				37BDA280251D4A7500902240 /* MemorizeView.swift in Sources */,
				37FB62A42524066400006E51 /* DoMemory.xcdatamodeld in Sources */,
				37BDA299251D4C3D00902240 /* Array+Extensions.swift in Sources */,
				37AD1E4A251BC0EE00216E7B /* DoMemoryApp.swift in Sources */,
				37BDA28C251D4B6B00902240 /* Cardify.swift in Sources */,
				37707905253E78030061BC96 /* QuitModal.swift in Sources */,
				379B24B82554E8C500B0B775 /* LoseModalViewModel.swift in Sources */,
				37BDA29D251D4C8300902240 /* MemoryGame.swift in Sources */,
				37BDA277251D271100902240 /* SettingsViewModel.swift in Sources */,
				37BDA292251D4B9900902240 /* GridLayout.swift in Sources */,
			);
			runOnlyForDeploymentPostprocessing = 0;
		};
/* End PBXSourcesBuildPhase section */

/* Begin XCBuildConfiguration section */
		37AD1E53251BC0F200216E7B /* Debug */ = {
			isa = XCBuildConfiguration;
			buildSettings = {
				ALWAYS_SEARCH_USER_PATHS = NO;
				CLANG_ANALYZER_NONNULL = YES;
				CLANG_ANALYZER_NUMBER_OBJECT_CONVERSION = YES_AGGRESSIVE;
				CLANG_CXX_LANGUAGE_STANDARD = "gnu++14";
				CLANG_CXX_LIBRARY = "libc++";
				CLANG_ENABLE_MODULES = YES;
				CLANG_ENABLE_OBJC_ARC = YES;
				CLANG_ENABLE_OBJC_WEAK = YES;
				CLANG_WARN_BLOCK_CAPTURE_AUTORELEASING = YES;
				CLANG_WARN_BOOL_CONVERSION = YES;
				CLANG_WARN_COMMA = YES;
				CLANG_WARN_CONSTANT_CONVERSION = YES;
				CLANG_WARN_DEPRECATED_OBJC_IMPLEMENTATIONS = YES;
				CLANG_WARN_DIRECT_OBJC_ISA_USAGE = YES_ERROR;
				CLANG_WARN_DOCUMENTATION_COMMENTS = YES;
				CLANG_WARN_EMPTY_BODY = YES;
				CLANG_WARN_ENUM_CONVERSION = YES;
				CLANG_WARN_INFINITE_RECURSION = YES;
				CLANG_WARN_INT_CONVERSION = YES;
				CLANG_WARN_NON_LITERAL_NULL_CONVERSION = YES;
				CLANG_WARN_OBJC_IMPLICIT_RETAIN_SELF = YES;
				CLANG_WARN_OBJC_LITERAL_CONVERSION = YES;
				CLANG_WARN_OBJC_ROOT_CLASS = YES_ERROR;
				CLANG_WARN_QUOTED_INCLUDE_IN_FRAMEWORK_HEADER = YES;
				CLANG_WARN_RANGE_LOOP_ANALYSIS = YES;
				CLANG_WARN_STRICT_PROTOTYPES = YES;
				CLANG_WARN_SUSPICIOUS_MOVE = YES;
				CLANG_WARN_UNGUARDED_AVAILABILITY = YES_AGGRESSIVE;
				CLANG_WARN_UNREACHABLE_CODE = YES;
				CLANG_WARN__DUPLICATE_METHOD_MATCH = YES;
				COPY_PHASE_STRIP = NO;
				DEBUG_INFORMATION_FORMAT = dwarf;
				ENABLE_STRICT_OBJC_MSGSEND = YES;
				ENABLE_TESTABILITY = YES;
				GCC_C_LANGUAGE_STANDARD = gnu11;
				GCC_DYNAMIC_NO_PIC = NO;
				GCC_NO_COMMON_BLOCKS = YES;
				GCC_OPTIMIZATION_LEVEL = 0;
				GCC_PREPROCESSOR_DEFINITIONS = (
					"DEBUG=1",
					"$(inherited)",
				);
				GCC_WARN_64_TO_32_BIT_CONVERSION = YES;
				GCC_WARN_ABOUT_RETURN_TYPE = YES_ERROR;
				GCC_WARN_UNDECLARED_SELECTOR = YES;
				GCC_WARN_UNINITIALIZED_AUTOS = YES_AGGRESSIVE;
				GCC_WARN_UNUSED_FUNCTION = YES;
				GCC_WARN_UNUSED_VARIABLE = YES;
				IPHONEOS_DEPLOYMENT_TARGET = 14.0;
				MTL_ENABLE_DEBUG_INFO = INCLUDE_SOURCE;
				MTL_FAST_MATH = YES;
				ONLY_ACTIVE_ARCH = YES;
				SDKROOT = iphoneos;
				SWIFT_ACTIVE_COMPILATION_CONDITIONS = DEBUG;
				SWIFT_OPTIMIZATION_LEVEL = "-Onone";
			};
			name = Debug;
		};
		37AD1E54251BC0F200216E7B /* Release */ = {
			isa = XCBuildConfiguration;
			buildSettings = {
				ALWAYS_SEARCH_USER_PATHS = NO;
				CLANG_ANALYZER_NONNULL = YES;
				CLANG_ANALYZER_NUMBER_OBJECT_CONVERSION = YES_AGGRESSIVE;
				CLANG_CXX_LANGUAGE_STANDARD = "gnu++14";
				CLANG_CXX_LIBRARY = "libc++";
				CLANG_ENABLE_MODULES = YES;
				CLANG_ENABLE_OBJC_ARC = YES;
				CLANG_ENABLE_OBJC_WEAK = YES;
				CLANG_WARN_BLOCK_CAPTURE_AUTORELEASING = YES;
				CLANG_WARN_BOOL_CONVERSION = YES;
				CLANG_WARN_COMMA = YES;
				CLANG_WARN_CONSTANT_CONVERSION = YES;
				CLANG_WARN_DEPRECATED_OBJC_IMPLEMENTATIONS = YES;
				CLANG_WARN_DIRECT_OBJC_ISA_USAGE = YES_ERROR;
				CLANG_WARN_DOCUMENTATION_COMMENTS = YES;
				CLANG_WARN_EMPTY_BODY = YES;
				CLANG_WARN_ENUM_CONVERSION = YES;
				CLANG_WARN_INFINITE_RECURSION = YES;
				CLANG_WARN_INT_CONVERSION = YES;
				CLANG_WARN_NON_LITERAL_NULL_CONVERSION = YES;
				CLANG_WARN_OBJC_IMPLICIT_RETAIN_SELF = YES;
				CLANG_WARN_OBJC_LITERAL_CONVERSION = YES;
				CLANG_WARN_OBJC_ROOT_CLASS = YES_ERROR;
				CLANG_WARN_QUOTED_INCLUDE_IN_FRAMEWORK_HEADER = YES;
				CLANG_WARN_RANGE_LOOP_ANALYSIS = YES;
				CLANG_WARN_STRICT_PROTOTYPES = YES;
				CLANG_WARN_SUSPICIOUS_MOVE = YES;
				CLANG_WARN_UNGUARDED_AVAILABILITY = YES_AGGRESSIVE;
				CLANG_WARN_UNREACHABLE_CODE = YES;
				CLANG_WARN__DUPLICATE_METHOD_MATCH = YES;
				COPY_PHASE_STRIP = NO;
				DEBUG_INFORMATION_FORMAT = "dwarf-with-dsym";
				ENABLE_NS_ASSERTIONS = NO;
				ENABLE_STRICT_OBJC_MSGSEND = YES;
				GCC_C_LANGUAGE_STANDARD = gnu11;
				GCC_NO_COMMON_BLOCKS = YES;
				GCC_WARN_64_TO_32_BIT_CONVERSION = YES;
				GCC_WARN_ABOUT_RETURN_TYPE = YES_ERROR;
				GCC_WARN_UNDECLARED_SELECTOR = YES;
				GCC_WARN_UNINITIALIZED_AUTOS = YES_AGGRESSIVE;
				GCC_WARN_UNUSED_FUNCTION = YES;
				GCC_WARN_UNUSED_VARIABLE = YES;
				IPHONEOS_DEPLOYMENT_TARGET = 14.0;
				MTL_ENABLE_DEBUG_INFO = NO;
				MTL_FAST_MATH = YES;
				SDKROOT = iphoneos;
				SWIFT_COMPILATION_MODE = wholemodule;
				SWIFT_OPTIMIZATION_LEVEL = "-O";
				VALIDATE_PRODUCT = YES;
			};
			name = Release;
		};
		37AD1E56251BC0F200216E7B /* Debug */ = {
			isa = XCBuildConfiguration;
			baseConfigurationReference = EFF8E8F5741BAED23AFBEDDC /* Pods-DoMemory.debug.xcconfig */;
			buildSettings = {
				ASSETCATALOG_COMPILER_APPICON_NAME = AppIcon;
				ASSETCATALOG_COMPILER_GLOBAL_ACCENT_COLOR_NAME = AccentColor;
				CODE_SIGN_STYLE = Automatic;
				DEVELOPMENT_ASSET_PATHS = "\"DoMemory/Preview Content\"";
				DEVELOPMENT_TEAM = H5V33368QJ;
				ENABLE_PREVIEWS = YES;
				INFOPLIST_FILE = DoMemory/Info.plist;
				IPHONEOS_DEPLOYMENT_TARGET = 14.0;
				LD_RUNPATH_SEARCH_PATHS = (
					"$(inherited)",
					"@executable_path/Frameworks",
				);
				PRODUCT_BUNDLE_IDENTIFIER = com.ezequielbrrt.domemory;
				PRODUCT_NAME = "$(TARGET_NAME)";
				SWIFT_VERSION = 5.0;
				TARGETED_DEVICE_FAMILY = "1,2";
			};
			name = Debug;
		};
		37AD1E57251BC0F200216E7B /* Release */ = {
			isa = XCBuildConfiguration;
			baseConfigurationReference = 136F644EFB409C8B88267C9B /* Pods-DoMemory.release.xcconfig */;
			buildSettings = {
				ASSETCATALOG_COMPILER_APPICON_NAME = AppIcon;
				ASSETCATALOG_COMPILER_GLOBAL_ACCENT_COLOR_NAME = AccentColor;
				CODE_SIGN_STYLE = Automatic;
				DEVELOPMENT_ASSET_PATHS = "\"DoMemory/Preview Content\"";
				DEVELOPMENT_TEAM = H5V33368QJ;
				ENABLE_PREVIEWS = YES;
				INFOPLIST_FILE = DoMemory/Info.plist;
				IPHONEOS_DEPLOYMENT_TARGET = 14.0;
				LD_RUNPATH_SEARCH_PATHS = (
					"$(inherited)",
					"@executable_path/Frameworks",
				);
				PRODUCT_BUNDLE_IDENTIFIER = com.ezequielbrrt.domemory;
				PRODUCT_NAME = "$(TARGET_NAME)";
				SWIFT_VERSION = 5.0;
				TARGETED_DEVICE_FAMILY = "1,2";
			};
			name = Release;
		};
/* End XCBuildConfiguration section */

/* Begin XCConfigurationList section */
		37AD1E41251BC0EE00216E7B /* Build configuration list for PBXProject "DoMemory" */ = {
			isa = XCConfigurationList;
			buildConfigurations = (
				37AD1E53251BC0F200216E7B /* Debug */,
				37AD1E54251BC0F200216E7B /* Release */,
			);
			defaultConfigurationIsVisible = 0;
			defaultConfigurationName = Release;
		};
		37AD1E55251BC0F200216E7B /* Build configuration list for PBXNativeTarget "DoMemory" */ = {
			isa = XCConfigurationList;
			buildConfigurations = (
				37AD1E56251BC0F200216E7B /* Debug */,
				37AD1E57251BC0F200216E7B /* Release */,
			);
			defaultConfigurationIsVisible = 0;
			defaultConfigurationName = Release;
		};
/* End XCConfigurationList section */

/* Begin XCVersionGroup section */
		37FB62A22524066400006E51 /* DoMemory.xcdatamodeld */ = {
			isa = XCVersionGroup;
			children = (
				37FB62A32524066400006E51 /* DoMemory.xcdatamodel */,
			);
			currentVersion = 37FB62A32524066400006E51 /* DoMemory.xcdatamodel */;
			path = DoMemory.xcdatamodeld;
			sourceTree = "<group>";
			versionGroupType = wrapper.xcdatamodel;
		};
/* End XCVersionGroup section */
	};
	rootObject = 37AD1E3E251BC0EE00216E7B /* Project object */;
}
